{
  "originHash" : "893d8b33dcba91ff217909df23fc1678b425fa6e0464a3c050960316a4e374af",
  "pins" : [
    {
      "identity" : "teco",
      "kind" : "remoteSourceControl",
      "location" : "https://github.com/skippyr/Teco",
      "state" : {
        "revision" : "b7a600115a20ecb5e51bbee8cb896a53f43f8c11",
        "version" : "1.3.0"
      }
    }
  ],
  "version" : 3
}
