{
  "originHash" : "d088b6bc1f75e8c8b8bf28fb3c08d487abadeb477fefcdf8fb285b2ea2cda2d2",
  "pins" : [
    {
      "identity" : "teco",
      "kind" : "remoteSourceControl",
      "location" : "https://github.com/skippyr/Teco",
      "state" : {
        "revision" : "27172cabcf4f6aa2c4bb26e5eaa3c3d9f51a5642",
        "version" : "1.1.0"
      }
    }
  ],
  "version" : 3
}
